
Microsoft Visual Studio Solution File, Format Version 12.00
# Visual Studio 2013
Project("{FAE04EC0-301F-11D3-BF4B-00C04F79EFBC}") = "UnityVS.FSM00.CSharp", "UnityVS.FSM00.CSharp.csproj", "{49EBC97E-471C-021E-9109-031710E72D56}"
EndProject
Global
	GlobalSection(SolutionConfigurationPlatforms) = preSolution
		Debug|Any CPU = Debug|Any CPU
		Release|Any CPU = Release|Any CPU
	EndGlobalSection
	GlobalSection(ProjectConfigurationPlatforms) = postSolution
		{49EBC97E-471C-021E-9109-031710E72D56}.Debug|Any CPU.ActiveCfg = Debug|Any CPU
		{49EBC97E-471C-021E-9109-031710E72D56}.Debug|Any CPU.Build.0 = Debug|Any CPU
		{49EBC97E-471C-021E-9109-031710E72D56}.Release|Any CPU.ActiveCfg = Release|Any CPU
		{49EBC97E-471C-021E-9109-031710E72D56}.Release|Any CPU.Build.0 = Release|Any CPU
	EndGlobalSection
	GlobalSection(SolutionProperties) = preSolution
		HideSolutionNode = FALSE
	EndGlobalSection
EndGlobal
